
Microsoft Visual Studio Solution File, Format Version 12.00
# Visual Studio Version 17
VisualStudioVersion = 17.8.34525.116
MinimumVisualStudioVersion = 10.0.40219.1
Project("{FAE04EC0-301F-11D3-BF4B-00C04F79EFBC}") = "TareaSobreOcultamientoYSobreescritura", "TareaSobreOcultamientoYSobreescritura.csproj", "{283EC7FC-CF32-4D59-9BA1-A371EE422E02}"
EndProject
Global
	GlobalSection(SolutionConfigurationPlatforms) = preSolution
		Debug|Any CPU = Debug|Any CPU
		Release|Any CPU = Release|Any CPU
	EndGlobalSection
	GlobalSection(ProjectConfigurationPlatforms) = postSolution
		{283EC7FC-CF32-4D59-9BA1-A371EE422E02}.Debug|Any CPU.ActiveCfg = Debug|Any CPU
		{283EC7FC-CF32-4D59-9BA1-A371EE422E02}.Debug|Any CPU.Build.0 = Debug|Any CPU
		{283EC7FC-CF32-4D59-9BA1-A371EE422E02}.Release|Any CPU.ActiveCfg = Release|Any CPU
		{283EC7FC-CF32-4D59-9BA1-A371EE422E02}.Release|Any CPU.Build.0 = Release|Any CPU
	EndGlobalSection
	GlobalSection(SolutionProperties) = preSolution
		HideSolutionNode = FALSE
	EndGlobalSection
	GlobalSection(ExtensibilityGlobals) = postSolution
		SolutionGuid = {F7F66457-E36B-4BDB-BA90-8F79FA79B97F}
	EndGlobalSection
EndGlobal
